
Microsoft Visual Studio Solution File, Format Version 12.00
# Visual Studio Version 17
VisualStudioVersion = 17.6.33829.357
MinimumVisualStudioVersion = 10.0.40219.1
Project("{9A19103F-16F7-4668-BE54-9A1E7A4F7556}") = "Companies", "Companies.csproj", "{B3391E8E-42BC-416A-B24E-491268A17FA0}"
EndProject
Global
	GlobalSection(SolutionConfigurationPlatforms) = preSolution
		Debug|Any CPU = Debug|Any CPU
		Release|Any CPU = Release|Any CPU
	EndGlobalSection
	GlobalSection(ProjectConfigurationPlatforms) = postSolution
		{B3391E8E-42BC-416A-B24E-491268A17FA0}.Debug|Any CPU.ActiveCfg = Debug|Any CPU
		{B3391E8E-42BC-416A-B24E-491268A17FA0}.Debug|Any CPU.Build.0 = Debug|Any CPU
		{B3391E8E-42BC-416A-B24E-491268A17FA0}.Release|Any CPU.ActiveCfg = Release|Any CPU
		{B3391E8E-42BC-416A-B24E-491268A17FA0}.Release|Any CPU.Build.0 = Release|Any CPU
	EndGlobalSection
	GlobalSection(SolutionProperties) = preSolution
		HideSolutionNode = FALSE
	EndGlobalSection
	GlobalSection(ExtensibilityGlobals) = postSolution
		SolutionGuid = {3A903F83-F8CA-4995-8B12-3F89480875DA}
	EndGlobalSection
EndGlobal
